// !$*UTF8*$!
{
	archiveVersion = 1;
	classes = {
	};
	objectVersion = 46;
	objects = {

/* Begin PBXAggregateTarget section */
		E274F876187E77D8009E0582 /* Build All */ = {
			isa = PBXAggregateTarget;
			buildConfigurationList = E274F879187E77D8009E0582 /* Build configuration list for PBXAggregateTarget "Build All" */;
			buildPhases = (
			);
			dependencies = (
				E274F87D187E77E5009E0582 /* PBXTargetDependency */,
				E274F87B187E77E3009E0582 /* PBXTargetDependency */,
			);
			name = "Build All";
			productName = "Build All";
		};
/* End PBXAggregateTarget section */

/* Begin PBXBuildFile section */
		401BF4321B410E7E00D55458 /* GCDWebServer.m in Sources */ = {isa = PBXBuildFile; fileRef = E28BAE1718F99C810095C089 /* GCDWebServer.m */; };
		401BF4331B410E7E00D55458 /* GCDWebServerConnection.m in Sources */ = {isa = PBXBuildFile; fileRef = E28BAE1918F99C810095C089 /* GCDWebServerConnection.m */; };
		401BF4341B410E7E00D55458 /* GCDWebServerFunctions.m in Sources */ = {isa = PBXBuildFile; fileRef = E28BAE1B18F99C810095C089 /* GCDWebServerFunctions.m */; };
		401BF4351B410E7E00D55458 /* GCDWebServerRequest.m in Sources */ = {isa = PBXBuildFile; fileRef = E28BAE1F18F99C810095C089 /* GCDWebServerRequest.m */; };
		401BF4361B410E7E00D55458 /* GCDWebServerResponse.m in Sources */ = {isa = PBXBuildFile; fileRef = E28BAE2118F99C810095C089 /* GCDWebServerResponse.m */; };
		401BF4371B410E7E00D55458 /* GCDWebServerDataRequest.m in Sources */ = {isa = PBXBuildFile; fileRef = E28BAE2418F99C810095C089 /* GCDWebServerDataRequest.m */; };
		401BF4381B410E7E00D55458 /* GCDWebServerFileRequest.m in Sources */ = {isa = PBXBuildFile; fileRef = E28BAE2618F99C810095C089 /* GCDWebServerFileRequest.m */; };
		401BF4391B410E7E00D55458 /* GCDWebServerMultiPartFormRequest.m in Sources */ = {isa = PBXBuildFile; fileRef = E28BAE2818F99C810095C089 /* GCDWebServerMultiPartFormRequest.m */; };
		401BF43A1B410E7E00D55458 /* GCDWebServerURLEncodedFormRequest.m in Sources */ = {isa = PBXBuildFile; fileRef = E28BAE2A18F99C810095C089 /* GCDWebServerURLEncodedFormRequest.m */; };
		401BF43B1B410E7E00D55458 /* GCDWebServerDataResponse.m in Sources */ = {isa = PBXBuildFile; fileRef = E28BAE2D18F99C810095C089 /* GCDWebServerDataResponse.m */; };
		401BF43C1B410E7E00D55458 /* GCDWebServerErrorResponse.m in Sources */ = {isa = PBXBuildFile; fileRef = E28BAE2F18F99C810095C089 /* GCDWebServerErrorResponse.m */; };
		401BF43D1B410E7E00D55458 /* GCDWebServerFileResponse.m in Sources */ = {isa = PBXBuildFile; fileRef = E28BAE3118F99C810095C089 /* GCDWebServerFileResponse.m */; };
		401BF43E1B410E7E00D55458 /* GCDWebServerStreamedResponse.m in Sources */ = {isa = PBXBuildFile; fileRef = E28BAE3318F99C810095C089 /* GCDWebServerStreamedResponse.m */; };
		401BF43F1B410E7E00D55458 /* GCDWebDAVServer.m in Sources */ = {isa = PBXBuildFile; fileRef = E2A0E80918F3432600C580B1 /* GCDWebDAVServer.m */; };
		401BF4401B410E7E00D55458 /* GCDWebUploader.m in Sources */ = {isa = PBXBuildFile; fileRef = E2BE850918E77ECA0061360B /* GCDWebUploader.m */; };
		401BF4471B41106300D55458 /* CFNetwork.framework in Frameworks */ = {isa = PBXBuildFile; fileRef = E208D148167B76B700500836 /* CFNetwork.framework */; };
		401BF4481B41107000D55458 /* SystemConfiguration.framework in Frameworks */ = {isa = PBXBuildFile; fileRef = E2BE851018E79DAF0061360B /* SystemConfiguration.framework */; };
		401BF4491B41108A00D55458 /* libz.dylib in Frameworks */ = {isa = PBXBuildFile; fileRef = E2B0D4A618F13495009A7927 /* libz.dylib */; };
		401BF44A1B41109500D55458 /* libxml2.dylib in Frameworks */ = {isa = PBXBuildFile; fileRef = E2A0E80E18F35CA300C580B1 /* libxml2.dylib */; };
		401BF44B1B4110AE00D55458 /* CoreServices.framework in Frameworks */ = {isa = PBXBuildFile; fileRef = E208D1B2167BB17E00500836 /* CoreServices.framework */; };
		401BF44C1B41114400D55458 /* GCDWebServer.h in Headers */ = {isa = PBXBuildFile; fileRef = E28BAE1618F99C810095C089 /* GCDWebServer.h */; settings = {ATTRIBUTES = (Public, ); }; };
		401BF44D1B41114400D55458 /* GCDWebServerConnection.h in Headers */ = {isa = PBXBuildFile; fileRef = E28BAE1818F99C810095C089 /* GCDWebServerConnection.h */; settings = {ATTRIBUTES = (Public, ); }; };
		401BF44E1B41114400D55458 /* GCDWebServerFunctions.h in Headers */ = {isa = PBXBuildFile; fileRef = E28BAE1A18F99C810095C089 /* GCDWebServerFunctions.h */; settings = {ATTRIBUTES = (Public, ); }; };
		401BF44F1B41114400D55458 /* GCDWebServerHTTPStatusCodes.h in Headers */ = {isa = PBXBuildFile; fileRef = E28BAE1C18F99C810095C089 /* GCDWebServerHTTPStatusCodes.h */; settings = {ATTRIBUTES = (Public, ); }; };
		401BF4501B41114400D55458 /* GCDWebServerRequest.h in Headers */ = {isa = PBXBuildFile; fileRef = E28BAE1E18F99C810095C089 /* GCDWebServerRequest.h */; settings = {ATTRIBUTES = (Public, ); }; };
		401BF4511B41114400D55458 /* GCDWebServerResponse.h in Headers */ = {isa = PBXBuildFile; fileRef = E28BAE2018F99C810095C089 /* GCDWebServerResponse.h */; settings = {ATTRIBUTES = (Public, ); }; };
		401BF4521B41114400D55458 /* GCDWebServerDataRequest.h in Headers */ = {isa = PBXBuildFile; fileRef = E28BAE2318F99C810095C089 /* GCDWebServerDataRequest.h */; settings = {ATTRIBUTES = (Public, ); }; };
		401BF4531B41114400D55458 /* GCDWebServerFileRequest.h in Headers */ = {isa = PBXBuildFile; fileRef = E28BAE2518F99C810095C089 /* GCDWebServerFileRequest.h */; settings = {ATTRIBUTES = (Public, ); }; };
		401BF4541B41114400D55458 /* GCDWebServerMultiPartFormRequest.h in Headers */ = {isa = PBXBuildFile; fileRef = E28BAE2718F99C810095C089 /* GCDWebServerMultiPartFormRequest.h */; settings = {ATTRIBUTES = (Public, ); }; };
		401BF4551B41114400D55458 /* GCDWebServerURLEncodedFormRequest.h in Headers */ = {isa = PBXBuildFile; fileRef = E28BAE2918F99C810095C089 /* GCDWebServerURLEncodedFormRequest.h */; settings = {ATTRIBUTES = (Public, ); }; };
		401BF4561B41114400D55458 /* GCDWebServerDataResponse.h in Headers */ = {isa = PBXBuildFile; fileRef = E28BAE2C18F99C810095C089 /* GCDWebServerDataResponse.h */; settings = {ATTRIBUTES = (Public, ); }; };
		401BF4571B41114400D55458 /* GCDWebServerErrorResponse.h in Headers */ = {isa = PBXBuildFile; fileRef = E28BAE2E18F99C810095C089 /* GCDWebServerErrorResponse.h */; settings = {ATTRIBUTES = (Public, ); }; };
		401BF4581B41114400D55458 /* GCDWebServerFileResponse.h in Headers */ = {isa = PBXBuildFile; fileRef = E28BAE3018F99C810095C089 /* GCDWebServerFileResponse.h */; settings = {ATTRIBUTES = (Public, ); }; };
		401BF4591B41114400D55458 /* GCDWebServerStreamedResponse.h in Headers */ = {isa = PBXBuildFile; fileRef = E28BAE3218F99C810095C089 /* GCDWebServerStreamedResponse.h */; settings = {ATTRIBUTES = (Public, ); }; };
		401BF45A1B41114400D55458 /* GCDWebDAVServer.h in Headers */ = {isa = PBXBuildFile; fileRef = E2A0E80818F3432600C580B1 /* GCDWebDAVServer.h */; settings = {ATTRIBUTES = (Public, ); }; };
		401BF45B1B41114400D55458 /* GCDWebUploader.h in Headers */ = {isa = PBXBuildFile; fileRef = E2BE850818E77ECA0061360B /* GCDWebUploader.h */; settings = {ATTRIBUTES = (Public, ); }; };
		401BF45C1B41116100D55458 /* GCDWebServerPrivate.h in Headers */ = {isa = PBXBuildFile; fileRef = E28BAE1D18F99C810095C089 /* GCDWebServerPrivate.h */; settings = {ATTRIBUTES = (Private, ); }; };
		4094CE9419030AF100A48845 /* GCDWebServer.m in Sources */ = {isa = PBXBuildFile; fileRef = E28BAE1718F99C810095C089 /* GCDWebServer.m */; };
		4094CE9519030AF100A48845 /* GCDWebServerConnection.m in Sources */ = {isa = PBXBuildFile; fileRef = E28BAE1918F99C810095C089 /* GCDWebServerConnection.m */; };
		4094CE9619030AF100A48845 /* GCDWebServerFunctions.m in Sources */ = {isa = PBXBuildFile; fileRef = E28BAE1B18F99C810095C089 /* GCDWebServerFunctions.m */; };
		4094CE9719030AF100A48845 /* GCDWebServerRequest.m in Sources */ = {isa = PBXBuildFile; fileRef = E28BAE1F18F99C810095C089 /* GCDWebServerRequest.m */; };
		4094CE9819030AF100A48845 /* GCDWebServerResponse.m in Sources */ = {isa = PBXBuildFile; fileRef = E28BAE2118F99C810095C089 /* GCDWebServerResponse.m */; };
		4094CE9D19030AFB00A48845 /* GCDWebServerDataResponse.m in Sources */ = {isa = PBXBuildFile; fileRef = E28BAE2D18F99C810095C089 /* GCDWebServerDataResponse.m */; };
		4094CE9E19030AFB00A48845 /* GCDWebServerErrorResponse.m in Sources */ = {isa = PBXBuildFile; fileRef = E28BAE2F18F99C810095C089 /* GCDWebServerErrorResponse.m */; };
		4094CE9F19030AFB00A48845 /* GCDWebServerFileResponse.m in Sources */ = {isa = PBXBuildFile; fileRef = E28BAE3118F99C810095C089 /* GCDWebServerFileResponse.m */; };
		4094CEA019030AFB00A48845 /* GCDWebServerStreamedResponse.m in Sources */ = {isa = PBXBuildFile; fileRef = E28BAE3318F99C810095C089 /* GCDWebServerStreamedResponse.m */; };
		4094CEA219030B0900A48845 /* GCDWebDAVServer.m in Sources */ = {isa = PBXBuildFile; fileRef = E2A0E80918F3432600C580B1 /* GCDWebDAVServer.m */; };
		4094CED41903155D00A48845 /* GCDWebServerDataRequest.m in Sources */ = {isa = PBXBuildFile; fileRef = E28BAE2418F99C810095C089 /* GCDWebServerDataRequest.m */; };
		4094CED51903156D00A48845 /* GCDWebServerFileRequest.m in Sources */ = {isa = PBXBuildFile; fileRef = E28BAE2618F99C810095C089 /* GCDWebServerFileRequest.m */; };
		4094CED61903157000A48845 /* GCDWebServerMultiPartFormRequest.m in Sources */ = {isa = PBXBuildFile; fileRef = E28BAE2818F99C810095C089 /* GCDWebServerMultiPartFormRequest.m */; };
		4094CED71903157300A48845 /* GCDWebServerURLEncodedFormRequest.m in Sources */ = {isa = PBXBuildFile; fileRef = E28BAE2A18F99C810095C089 /* GCDWebServerURLEncodedFormRequest.m */; };
		4094CED81903158500A48845 /* GCDWebUploader.m in Sources */ = {isa = PBXBuildFile; fileRef = E2BE850918E77ECA0061360B /* GCDWebUploader.m */; };
		E208D149167B76B700500836 /* CFNetwork.framework in Frameworks */ = {isa = PBXBuildFile; fileRef = E208D148167B76B700500836 /* CFNetwork.framework */; };
		E208D1B3167BB17E00500836 /* CoreServices.framework in Frameworks */ = {isa = PBXBuildFile; fileRef = E208D1B2167BB17E00500836 /* CoreServices.framework */; };
		E221128F1690B6470048D2B2 /* main.m in Sources */ = {isa = PBXBuildFile; fileRef = E221128E1690B6470048D2B2 /* main.m */; };
		E22112951690B64F0048D2B2 /* AppDelegate.m in Sources */ = {isa = PBXBuildFile; fileRef = E22112921690B64F0048D2B2 /* AppDelegate.m */; };
		E22112971690B64F0048D2B2 /* main.m in Sources */ = {isa = PBXBuildFile; fileRef = E22112941690B64F0048D2B2 /* main.m */; };
		E22112991690B7AA0048D2B2 /* CFNetwork.framework in Frameworks */ = {isa = PBXBuildFile; fileRef = E22112981690B7AA0048D2B2 /* CFNetwork.framework */; };
		E221129B1690B7B10048D2B2 /* UIKit.framework in Frameworks */ = {isa = PBXBuildFile; fileRef = E221129A1690B7B10048D2B2 /* UIKit.framework */; };
		E221129D1690B7BA0048D2B2 /* MobileCoreServices.framework in Frameworks */ = {isa = PBXBuildFile; fileRef = E221129C1690B7BA0048D2B2 /* MobileCoreServices.framework */; };
		E28BAE3418F99C810095C089 /* GCDWebServer.m in Sources */ = {isa = PBXBuildFile; fileRef = E28BAE1718F99C810095C089 /* GCDWebServer.m */; };
		E28BAE3518F99C810095C089 /* GCDWebServer.m in Sources */ = {isa = PBXBuildFile; fileRef = E28BAE1718F99C810095C089 /* GCDWebServer.m */; };
		E28BAE3618F99C810095C089 /* GCDWebServerConnection.m in Sources */ = {isa = PBXBuildFile; fileRef = E28BAE1918F99C810095C089 /* GCDWebServerConnection.m */; };
		E28BAE3718F99C810095C089 /* GCDWebServerConnection.m in Sources */ = {isa = PBXBuildFile; fileRef = E28BAE1918F99C810095C089 /* GCDWebServerConnection.m */; };
		E28BAE3818F99C810095C089 /* GCDWebServerFunctions.m in Sources */ = {isa = PBXBuildFile; fileRef = E28BAE1B18F99C810095C089 /* GCDWebServerFunctions.m */; };
		E28BAE3918F99C810095C089 /* GCDWebServerFunctions.m in Sources */ = {isa = PBXBuildFile; fileRef = E28BAE1B18F99C810095C089 /* GCDWebServerFunctions.m */; };
		E28BAE3A18F99C810095C089 /* GCDWebServerRequest.m in Sources */ = {isa = PBXBuildFile; fileRef = E28BAE1F18F99C810095C089 /* GCDWebServerRequest.m */; };
		E28BAE3B18F99C810095C089 /* GCDWebServerRequest.m in Sources */ = {isa = PBXBuildFile; fileRef = E28BAE1F18F99C810095C089 /* GCDWebServerRequest.m */; };
		E28BAE3C18F99C810095C089 /* GCDWebServerResponse.m in Sources */ = {isa = PBXBuildFile; fileRef = E28BAE2118F99C810095C089 /* GCDWebServerResponse.m */; };
		E28BAE3D18F99C810095C089 /* GCDWebServerResponse.m in Sources */ = {isa = PBXBuildFile; fileRef = E28BAE2118F99C810095C089 /* GCDWebServerResponse.m */; };
		E28BAE3E18F99C810095C089 /* GCDWebServerDataRequest.m in Sources */ = {isa = PBXBuildFile; fileRef = E28BAE2418F99C810095C089 /* GCDWebServerDataRequest.m */; };
		E28BAE3F18F99C810095C089 /* GCDWebServerDataRequest.m in Sources */ = {isa = PBXBuildFile; fileRef = E28BAE2418F99C810095C089 /* GCDWebServerDataRequest.m */; };
		E28BAE4018F99C810095C089 /* GCDWebServerFileRequest.m in Sources */ = {isa = PBXBuildFile; fileRef = E28BAE2618F99C810095C089 /* GCDWebServerFileRequest.m */; };
		E28BAE4118F99C810095C089 /* GCDWebServerFileRequest.m in Sources */ = {isa = PBXBuildFile; fileRef = E28BAE2618F99C810095C089 /* GCDWebServerFileRequest.m */; };
		E28BAE4218F99C810095C089 /* GCDWebServerMultiPartFormRequest.m in Sources */ = {isa = PBXBuildFile; fileRef = E28BAE2818F99C810095C089 /* GCDWebServerMultiPartFormRequest.m */; };
		E28BAE4318F99C810095C089 /* GCDWebServerMultiPartFormRequest.m in Sources */ = {isa = PBXBuildFile; fileRef = E28BAE2818F99C810095C089 /* GCDWebServerMultiPartFormRequest.m */; };
		E28BAE4418F99C810095C089 /* GCDWebServerURLEncodedFormRequest.m in Sources */ = {isa = PBXBuildFile; fileRef = E28BAE2A18F99C810095C089 /* GCDWebServerURLEncodedFormRequest.m */; };
		E28BAE4518F99C810095C089 /* GCDWebServerURLEncodedFormRequest.m in Sources */ = {isa = PBXBuildFile; fileRef = E28BAE2A18F99C810095C089 /* GCDWebServerURLEncodedFormRequest.m */; };
		E28BAE4618F99C810095C089 /* GCDWebServerDataResponse.m in Sources */ = {isa = PBXBuildFile; fileRef = E28BAE2D18F99C810095C089 /* GCDWebServerDataResponse.m */; };
		E28BAE4718F99C810095C089 /* GCDWebServerDataResponse.m in Sources */ = {isa = PBXBuildFile; fileRef = E28BAE2D18F99C810095C089 /* GCDWebServerDataResponse.m */; };
		E28BAE4818F99C810095C089 /* GCDWebServerErrorResponse.m in Sources */ = {isa = PBXBuildFile; fileRef = E28BAE2F18F99C810095C089 /* GCDWebServerErrorResponse.m */; };
		E28BAE4918F99C810095C089 /* GCDWebServerErrorResponse.m in Sources */ = {isa = PBXBuildFile; fileRef = E28BAE2F18F99C810095C089 /* GCDWebServerErrorResponse.m */; };
		E28BAE4A18F99C810095C089 /* GCDWebServerFileResponse.m in Sources */ = {isa = PBXBuildFile; fileRef = E28BAE3118F99C810095C089 /* GCDWebServerFileResponse.m */; };
		E28BAE4B18F99C810095C089 /* GCDWebServerFileResponse.m in Sources */ = {isa = PBXBuildFile; fileRef = E28BAE3118F99C810095C089 /* GCDWebServerFileResponse.m */; };
		E28BAE4C18F99C810095C089 /* GCDWebServerStreamedResponse.m in Sources */ = {isa = PBXBuildFile; fileRef = E28BAE3318F99C810095C089 /* GCDWebServerStreamedResponse.m */; };
		E28BAE4D18F99C810095C089 /* GCDWebServerStreamedResponse.m in Sources */ = {isa = PBXBuildFile; fileRef = E28BAE3318F99C810095C089 /* GCDWebServerStreamedResponse.m */; };
		E2A0E80A18F3432600C580B1 /* GCDWebDAVServer.m in Sources */ = {isa = PBXBuildFile; fileRef = E2A0E80918F3432600C580B1 /* GCDWebDAVServer.m */; };
		E2A0E80B18F3432600C580B1 /* GCDWebDAVServer.m in Sources */ = {isa = PBXBuildFile; fileRef = E2A0E80918F3432600C580B1 /* GCDWebDAVServer.m */; };
		E2A0E80D18F35C9A00C580B1 /* libxml2.dylib in Frameworks */ = {isa = PBXBuildFile; fileRef = E2A0E80C18F35C9A00C580B1 /* libxml2.dylib */; };
		E2A0E80F18F35CA300C580B1 /* libxml2.dylib in Frameworks */ = {isa = PBXBuildFile; fileRef = E2A0E80E18F35CA300C580B1 /* libxml2.dylib */; };
		E2B0D4A718F13495009A7927 /* libz.dylib in Frameworks */ = {isa = PBXBuildFile; fileRef = E2B0D4A618F13495009A7927 /* libz.dylib */; };
		E2B0D4A918F134A8009A7927 /* libz.dylib in Frameworks */ = {isa = PBXBuildFile; fileRef = E2B0D4A818F134A8009A7927 /* libz.dylib */; };
		E2BE850A18E77ECA0061360B /* GCDWebUploader.bundle in Resources */ = {isa = PBXBuildFile; fileRef = E2BE850718E77ECA0061360B /* GCDWebUploader.bundle */; };
		E2BE850B18E77ECA0061360B /* GCDWebUploader.m in Sources */ = {isa = PBXBuildFile; fileRef = E2BE850918E77ECA0061360B /* GCDWebUploader.m */; };
		E2BE850C18E785940061360B /* GCDWebUploader.m in Sources */ = {isa = PBXBuildFile; fileRef = E2BE850918E77ECA0061360B /* GCDWebUploader.m */; };
		E2BE850F18E788990061360B /* GCDWebUploader.bundle in CopyFiles */ = {isa = PBXBuildFile; fileRef = E2BE850718E77ECA0061360B /* GCDWebUploader.bundle */; };
		E2BE851118E79DAF0061360B /* SystemConfiguration.framework in Frameworks */ = {isa = PBXBuildFile; fileRef = E2BE851018E79DAF0061360B /* SystemConfiguration.framework */; };
/* End PBXBuildFile section */

/* Begin PBXContainerItemProxy section */
		E274F87A187E77E3009E0582 /* PBXContainerItemProxy */ = {
			isa = PBXContainerItemProxy;
			containerPortal = 08FB7793FE84155DC02AAC07 /* Project object */;
			proxyType = 1;
			remoteGlobalIDString = 8DD76FA90486AB0100D96B5E;
			remoteInfo = "GCDWebServer (Mac)";
		};
		E274F87C187E77E5009E0582 /* PBXContainerItemProxy */ = {
			isa = PBXContainerItemProxy;
			containerPortal = 08FB7793FE84155DC02AAC07 /* Project object */;
			proxyType = 1;
			remoteGlobalIDString = E22112591690B4DE0048D2B2;
			remoteInfo = "GCDWebServer (iOS)";
		};
/* End PBXContainerItemProxy section */

/* Begin PBXCopyFilesBuildPhase section */
		E2BE850E18E788910061360B /* CopyFiles */ = {
			isa = PBXCopyFilesBuildPhase;
			buildActionMask = 2147483647;
			dstPath = "";
			dstSubfolderSpec = 16;
			files = (
				E2BE850F18E788990061360B /* GCDWebUploader.bundle in CopyFiles */,
			);
			runOnlyForDeploymentPostprocessing = 0;
		};
/* End PBXCopyFilesBuildPhase section */

/* Begin PBXFileReference section */
		401BF4191B410E0700D55458 /* GCDWebServer.framework */ = {isa = PBXFileReference; explicitFileType = wrapper.framework; includeInIndex = 0; path = GCDWebServer.framework; sourceTree = BUILT_PRODUCTS_DIR; };
		401BF4461B410F8400D55458 /* Info.plist */ = {isa = PBXFileReference; lastKnownFileType = text.plist.xml; path = Info.plist; sourceTree = "<group>"; };
		4094CE6E19030A8600A48845 /* libGCDWebServer.a */ = {isa = PBXFileReference; explicitFileType = archive.ar; includeInIndex = 0; path = libGCDWebServer.a; sourceTree = BUILT_PRODUCTS_DIR; };
		8DD76FB20486AB0100D96B5E /* GCDWebServer */ = {isa = PBXFileReference; explicitFileType = "compiled.mach-o.executable"; includeInIndex = 0; path = GCDWebServer; sourceTree = BUILT_PRODUCTS_DIR; };
		E208D148167B76B700500836 /* CFNetwork.framework */ = {isa = PBXFileReference; lastKnownFileType = wrapper.framework; name = CFNetwork.framework; path = System/Library/Frameworks/CFNetwork.framework; sourceTree = SDKROOT; };
		E208D1B2167BB17E00500836 /* CoreServices.framework */ = {isa = PBXFileReference; lastKnownFileType = wrapper.framework; name = CoreServices.framework; path = System/Library/Frameworks/CoreServices.framework; sourceTree = SDKROOT; };
		E221125A1690B4DE0048D2B2 /* GCDWebServer.app */ = {isa = PBXFileReference; explicitFileType = wrapper.application; includeInIndex = 0; path = GCDWebServer.app; sourceTree = BUILT_PRODUCTS_DIR; };
		E221128E1690B6470048D2B2 /* main.m */ = {isa = PBXFileReference; fileEncoding = 4; lastKnownFileType = sourcecode.c.objc; path = main.m; sourceTree = "<group>"; };
		E22112911690B64F0048D2B2 /* AppDelegate.h */ = {isa = PBXFileReference; fileEncoding = 4; lastKnownFileType = sourcecode.c.h; path = AppDelegate.h; sourceTree = "<group>"; };
		E22112921690B64F0048D2B2 /* AppDelegate.m */ = {isa = PBXFileReference; fileEncoding = 4; lastKnownFileType = sourcecode.c.objc; path = AppDelegate.m; sourceTree = "<group>"; };
		E22112931690B64F0048D2B2 /* Info.plist */ = {isa = PBXFileReference; fileEncoding = 4; lastKnownFileType = text.plist.xml; path = Info.plist; sourceTree = "<group>"; };
		E22112941690B64F0048D2B2 /* main.m */ = {isa = PBXFileReference; fileEncoding = 4; lastKnownFileType = sourcecode.c.objc; path = main.m; sourceTree = "<group>"; };
		E22112981690B7AA0048D2B2 /* CFNetwork.framework */ = {isa = PBXFileReference; lastKnownFileType = wrapper.framework; name = CFNetwork.framework; path = Platforms/iPhoneOS.platform/Developer/SDKs/iPhoneOS6.0.sdk/System/Library/Frameworks/CFNetwork.framework; sourceTree = DEVELOPER_DIR; };
		E221129A1690B7B10048D2B2 /* UIKit.framework */ = {isa = PBXFileReference; lastKnownFileType = wrapper.framework; name = UIKit.framework; path = Platforms/iPhoneOS.platform/Developer/SDKs/iPhoneOS6.0.sdk/System/Library/Frameworks/UIKit.framework; sourceTree = DEVELOPER_DIR; };
		E221129C1690B7BA0048D2B2 /* MobileCoreServices.framework */ = {isa = PBXFileReference; lastKnownFileType = wrapper.framework; name = MobileCoreServices.framework; path = Platforms/iPhoneOS.platform/Developer/SDKs/iPhoneOS6.0.sdk/System/Library/Frameworks/MobileCoreServices.framework; sourceTree = DEVELOPER_DIR; };
		E26DC18719E84B2200C68DDC /* GCDWebServer.podspec */ = {isa = PBXFileReference; lastKnownFileType = text; path = GCDWebServer.podspec; sourceTree = "<group>"; };
		E26DC18819E84BC000C68DDC /* README.md */ = {isa = PBXFileReference; lastKnownFileType = net.daringfireball.markdown; path = README.md; sourceTree = "<group>"; };
		E28BAE1618F99C810095C089 /* GCDWebServer.h */ = {isa = PBXFileReference; fileEncoding = 4; lastKnownFileType = sourcecode.c.h; path = GCDWebServer.h; sourceTree = "<group>"; };
		E28BAE1718F99C810095C089 /* GCDWebServer.m */ = {isa = PBXFileReference; fileEncoding = 4; lastKnownFileType = sourcecode.c.objc; path = GCDWebServer.m; sourceTree = "<group>"; };
		E28BAE1818F99C810095C089 /* GCDWebServerConnection.h */ = {isa = PBXFileReference; fileEncoding = 4; lastKnownFileType = sourcecode.c.h; path = GCDWebServerConnection.h; sourceTree = "<group>"; };
		E28BAE1918F99C810095C089 /* GCDWebServerConnection.m */ = {isa = PBXFileReference; fileEncoding = 4; lastKnownFileType = sourcecode.c.objc; path = GCDWebServerConnection.m; sourceTree = "<group>"; };
		E28BAE1A18F99C810095C089 /* GCDWebServerFunctions.h */ = {isa = PBXFileReference; fileEncoding = 4; lastKnownFileType = sourcecode.c.h; path = GCDWebServerFunctions.h; sourceTree = "<group>"; };
		E28BAE1B18F99C810095C089 /* GCDWebServerFunctions.m */ = {isa = PBXFileReference; fileEncoding = 4; lastKnownFileType = sourcecode.c.objc; path = GCDWebServerFunctions.m; sourceTree = "<group>"; };
		E28BAE1C18F99C810095C089 /* GCDWebServerHTTPStatusCodes.h */ = {isa = PBXFileReference; fileEncoding = 4; lastKnownFileType = sourcecode.c.h; path = GCDWebServerHTTPStatusCodes.h; sourceTree = "<group>"; };
		E28BAE1D18F99C810095C089 /* GCDWebServerPrivate.h */ = {isa = PBXFileReference; fileEncoding = 4; lastKnownFileType = sourcecode.c.h; path = GCDWebServerPrivate.h; sourceTree = "<group>"; };
		E28BAE1E18F99C810095C089 /* GCDWebServerRequest.h */ = {isa = PBXFileReference; fileEncoding = 4; lastKnownFileType = sourcecode.c.h; path = GCDWebServerRequest.h; sourceTree = "<group>"; };
		E28BAE1F18F99C810095C089 /* GCDWebServerRequest.m */ = {isa = PBXFileReference; fileEncoding = 4; lastKnownFileType = sourcecode.c.objc; path = GCDWebServerRequest.m; sourceTree = "<group>"; };
		E28BAE2018F99C810095C089 /* GCDWebServerResponse.h */ = {isa = PBXFileReference; fileEncoding = 4; lastKnownFileType = sourcecode.c.h; path = GCDWebServerResponse.h; sourceTree = "<group>"; };
		E28BAE2118F99C810095C089 /* GCDWebServerResponse.m */ = {isa = PBXFileReference; fileEncoding = 4; lastKnownFileType = sourcecode.c.objc; path = GCDWebServerResponse.m; sourceTree = "<group>"; };
		E28BAE2318F99C810095C089 /* GCDWebServerDataRequest.h */ = {isa = PBXFileReference; fileEncoding = 4; lastKnownFileType = sourcecode.c.h; path = GCDWebServerDataRequest.h; sourceTree = "<group>"; };
		E28BAE2418F99C810095C089 /* GCDWebServerDataRequest.m */ = {isa = PBXFileReference; fileEncoding = 4; lastKnownFileType = sourcecode.c.objc; path = GCDWebServerDataRequest.m; sourceTree = "<group>"; };
		E28BAE2518F99C810095C089 /* GCDWebServerFileRequest.h */ = {isa = PBXFileReference; fileEncoding = 4; lastKnownFileType = sourcecode.c.h; path = GCDWebServerFileRequest.h; sourceTree = "<group>"; };
		E28BAE2618F99C810095C089 /* GCDWebServerFileRequest.m */ = {isa = PBXFileReference; fileEncoding = 4; lastKnownFileType = sourcecode.c.objc; path = GCDWebServerFileRequest.m; sourceTree = "<group>"; };
		E28BAE2718F99C810095C089 /* GCDWebServerMultiPartFormRequest.h */ = {isa = PBXFileReference; fileEncoding = 4; lastKnownFileType = sourcecode.c.h; path = GCDWebServerMultiPartFormRequest.h; sourceTree = "<group>"; };
		E28BAE2818F99C810095C089 /* GCDWebServerMultiPartFormRequest.m */ = {isa = PBXFileReference; fileEncoding = 4; lastKnownFileType = sourcecode.c.objc; path = GCDWebServerMultiPartFormRequest.m; sourceTree = "<group>"; };
		E28BAE2918F99C810095C089 /* GCDWebServerURLEncodedFormRequest.h */ = {isa = PBXFileReference; fileEncoding = 4; lastKnownFileType = sourcecode.c.h; path = GCDWebServerURLEncodedFormRequest.h; sourceTree = "<group>"; };
		E28BAE2A18F99C810095C089 /* GCDWebServerURLEncodedFormRequest.m */ = {isa = PBXFileReference; fileEncoding = 4; lastKnownFileType = sourcecode.c.objc; path = GCDWebServerURLEncodedFormRequest.m; sourceTree = "<group>"; };
		E28BAE2C18F99C810095C089 /* GCDWebServerDataResponse.h */ = {isa = PBXFileReference; fileEncoding = 4; lastKnownFileType = sourcecode.c.h; path = GCDWebServerDataResponse.h; sourceTree = "<group>"; };
		E28BAE2D18F99C810095C089 /* GCDWebServerDataResponse.m */ = {isa = PBXFileReference; fileEncoding = 4; lastKnownFileType = sourcecode.c.objc; path = GCDWebServerDataResponse.m; sourceTree = "<group>"; };
		E28BAE2E18F99C810095C089 /* GCDWebServerErrorResponse.h */ = {isa = PBXFileReference; fileEncoding = 4; lastKnownFileType = sourcecode.c.h; path = GCDWebServerErrorResponse.h; sourceTree = "<group>"; };
		E28BAE2F18F99C810095C089 /* GCDWebServerErrorResponse.m */ = {isa = PBXFileReference; fileEncoding = 4; lastKnownFileType = sourcecode.c.objc; path = GCDWebServerErrorResponse.m; sourceTree = "<group>"; };
		E28BAE3018F99C810095C089 /* GCDWebServerFileResponse.h */ = {isa = PBXFileReference; fileEncoding = 4; lastKnownFileType = sourcecode.c.h; path = GCDWebServerFileResponse.h; sourceTree = "<group>"; };
		E28BAE3118F99C810095C089 /* GCDWebServerFileResponse.m */ = {isa = PBXFileReference; fileEncoding = 4; lastKnownFileType = sourcecode.c.objc; path = GCDWebServerFileResponse.m; sourceTree = "<group>"; };
		E28BAE3218F99C810095C089 /* GCDWebServerStreamedResponse.h */ = {isa = PBXFileReference; fileEncoding = 4; lastKnownFileType = sourcecode.c.h; path = GCDWebServerStreamedResponse.h; sourceTree = "<group>"; };
		E28BAE3318F99C810095C089 /* GCDWebServerStreamedResponse.m */ = {isa = PBXFileReference; fileEncoding = 4; lastKnownFileType = sourcecode.c.objc; path = GCDWebServerStreamedResponse.m; sourceTree = "<group>"; };
		E2A0E80818F3432600C580B1 /* GCDWebDAVServer.h */ = {isa = PBXFileReference; fileEncoding = 4; lastKnownFileType = sourcecode.c.h; path = GCDWebDAVServer.h; sourceTree = "<group>"; };
		E2A0E80918F3432600C580B1 /* GCDWebDAVServer.m */ = {isa = PBXFileReference; fileEncoding = 4; lastKnownFileType = sourcecode.c.objc; path = GCDWebDAVServer.m; sourceTree = "<group>"; };
		E2A0E80C18F35C9A00C580B1 /* libxml2.dylib */ = {isa = PBXFileReference; lastKnownFileType = "compiled.mach-o.dylib"; name = libxml2.dylib; path = Platforms/iPhoneOS.platform/Developer/SDKs/iPhoneOS7.1.sdk/usr/lib/libxml2.dylib; sourceTree = DEVELOPER_DIR; };
		E2A0E80E18F35CA300C580B1 /* libxml2.dylib */ = {isa = PBXFileReference; lastKnownFileType = "compiled.mach-o.dylib"; name = libxml2.dylib; path = usr/lib/libxml2.dylib; sourceTree = SDKROOT; };
		E2B0D4A618F13495009A7927 /* libz.dylib */ = {isa = PBXFileReference; lastKnownFileType = "compiled.mach-o.dylib"; name = libz.dylib; path = usr/lib/libz.dylib; sourceTree = SDKROOT; };
		E2B0D4A818F134A8009A7927 /* libz.dylib */ = {isa = PBXFileReference; lastKnownFileType = "compiled.mach-o.dylib"; name = libz.dylib; path = Platforms/iPhoneOS.platform/Developer/SDKs/iPhoneOS7.1.sdk/usr/lib/libz.dylib; sourceTree = DEVELOPER_DIR; };
		E2BE850718E77ECA0061360B /* GCDWebUploader.bundle */ = {isa = PBXFileReference; lastKnownFileType = "wrapper.plug-in"; path = GCDWebUploader.bundle; sourceTree = "<group>"; };
		E2BE850818E77ECA0061360B /* GCDWebUploader.h */ = {isa = PBXFileReference; fileEncoding = 4; lastKnownFileType = sourcecode.c.h; path = GCDWebUploader.h; sourceTree = "<group>"; };
		E2BE850918E77ECA0061360B /* GCDWebUploader.m */ = {isa = PBXFileReference; fileEncoding = 4; lastKnownFileType = sourcecode.c.objc; path = GCDWebUploader.m; sourceTree = "<group>"; };
		E2BE851018E79DAF0061360B /* SystemConfiguration.framework */ = {isa = PBXFileReference; lastKnownFileType = wrapper.framework; name = SystemConfiguration.framework; path = System/Library/Frameworks/SystemConfiguration.framework; sourceTree = SDKROOT; };
/* End PBXFileReference section */

/* Begin PBXFrameworksBuildPhase section */
		401BF4151B410E0700D55458 /* Frameworks */ = {
			isa = PBXFrameworksBuildPhase;
			buildActionMask = 2147483647;
			files = (
				401BF44A1B41109500D55458 /* libxml2.dylib in Frameworks */,
				401BF4491B41108A00D55458 /* libz.dylib in Frameworks */,
				401BF4471B41106300D55458 /* CFNetwork.framework in Frameworks */,
				401BF44B1B4110AE00D55458 /* CoreServices.framework in Frameworks */,
				401BF4481B41107000D55458 /* SystemConfiguration.framework in Frameworks */,
			);
			runOnlyForDeploymentPostprocessing = 0;
		};
		4094CE6B19030A8600A48845 /* Frameworks */ = {
			isa = PBXFrameworksBuildPhase;
			buildActionMask = 2147483647;
			files = (
			);
			runOnlyForDeploymentPostprocessing = 0;
		};
		8DD76FAD0486AB0100D96B5E /* Frameworks */ = {
			isa = PBXFrameworksBuildPhase;
			buildActionMask = 2147483647;
			files = (
				E2BE851118E79DAF0061360B /* SystemConfiguration.framework in Frameworks */,
				E208D1B3167BB17E00500836 /* CoreServices.framework in Frameworks */,
				E208D149167B76B700500836 /* CFNetwork.framework in Frameworks */,
				E2A0E80F18F35CA300C580B1 /* libxml2.dylib in Frameworks */,
				E2B0D4A718F13495009A7927 /* libz.dylib in Frameworks */,
			);
			runOnlyForDeploymentPostprocessing = 0;
		};
		E22112571690B4DE0048D2B2 /* Frameworks */ = {
			isa = PBXFrameworksBuildPhase;
			buildActionMask = 2147483647;
			files = (
				E221129D1690B7BA0048D2B2 /* MobileCoreServices.framework in Frameworks */,
				E221129B1690B7B10048D2B2 /* UIKit.framework in Frameworks */,
				E22112991690B7AA0048D2B2 /* CFNetwork.framework in Frameworks */,
				E2A0E80D18F35C9A00C580B1 /* libxml2.dylib in Frameworks */,
				E2B0D4A918F134A8009A7927 /* libz.dylib in Frameworks */,
			);
			runOnlyForDeploymentPostprocessing = 0;
		};
/* End PBXFrameworksBuildPhase section */

/* Begin PBXGroup section */
		08FB7794FE84155DC02AAC07 /* LittleCMS */ = {
			isa = PBXGroup;
			children = (
				E26DC18819E84BC000C68DDC /* README.md */,
				E26DC18719E84B2200C68DDC /* GCDWebServer.podspec */,
				E28BAE1418F99C810095C089 /* GCDWebServer */,
				E2A0E80718F3432600C580B1 /* GCDWebDAVServer */,
				E2BE850618E77ECA0061360B /* GCDWebUploader */,
				E221128D1690B6470048D2B2 /* Mac */,
				E22112901690B64F0048D2B2 /* iOS */,
				E282F1A7150FF0630004D7C0 /* Mac Frameworks and Libraries */,
				E221129E1690B7CB0048D2B2 /* iOS Frameworks and Libraries */,
				1AB674ADFE9D54B511CA2CBB /* Products */,
			);
			name = LittleCMS;
			sourceTree = "<group>";
		};
		1AB674ADFE9D54B511CA2CBB /* Products */ = {
			isa = PBXGroup;
			children = (
				8DD76FB20486AB0100D96B5E /* GCDWebServer */,
				E221125A1690B4DE0048D2B2 /* GCDWebServer.app */,
				4094CE6E19030A8600A48845 /* libGCDWebServer.a */,
				401BF4191B410E0700D55458 /* GCDWebServer.framework */,
			);
			name = Products;
			sourceTree = "<group>";
		};
		E221128D1690B6470048D2B2 /* Mac */ = {
			isa = PBXGroup;
			children = (
				401BF4461B410F8400D55458 /* Info.plist */,
				E221128E1690B6470048D2B2 /* main.m */,
			);
			path = Mac;
			sourceTree = "<group>";
		};
		E22112901690B64F0048D2B2 /* iOS */ = {
			isa = PBXGroup;
			children = (
				E22112911690B64F0048D2B2 /* AppDelegate.h */,
				E22112921690B64F0048D2B2 /* AppDelegate.m */,
				E22112931690B64F0048D2B2 /* Info.plist */,
				E22112941690B64F0048D2B2 /* main.m */,
			);
			path = iOS;
			sourceTree = "<group>";
		};
		E221129E1690B7CB0048D2B2 /* iOS Frameworks and Libraries */ = {
			isa = PBXGroup;
			children = (
				E221129C1690B7BA0048D2B2 /* MobileCoreServices.framework */,
				E221129A1690B7B10048D2B2 /* UIKit.framework */,
				E22112981690B7AA0048D2B2 /* CFNetwork.framework */,
				E2A0E80C18F35C9A00C580B1 /* libxml2.dylib */,
				E2B0D4A818F134A8009A7927 /* libz.dylib */,
			);
			name = "iOS Frameworks and Libraries";
			sourceTree = "<group>";
		};
		E282F1A7150FF0630004D7C0 /* Mac Frameworks and Libraries */ = {
			isa = PBXGroup;
			children = (
				E2BE851018E79DAF0061360B /* SystemConfiguration.framework */,
				E208D1B2167BB17E00500836 /* CoreServices.framework */,
				E208D148167B76B700500836 /* CFNetwork.framework */,
				E2A0E80E18F35CA300C580B1 /* libxml2.dylib */,
				E2B0D4A618F13495009A7927 /* libz.dylib */,
			);
			name = "Mac Frameworks and Libraries";
			sourceTree = "<group>";
		};
		E28BAE1418F99C810095C089 /* GCDWebServer */ = {
			isa = PBXGroup;
			children = (
				E28BAE1518F99C810095C089 /* Core */,
				E28BAE2218F99C810095C089 /* Requests */,
				E28BAE2B18F99C810095C089 /* Responses */,
			);
			path = GCDWebServer;
			sourceTree = "<group>";
		};
		E28BAE1518F99C810095C089 /* Core */ = {
			isa = PBXGroup;
			children = (
				E28BAE1618F99C810095C089 /* GCDWebServer.h */,
				E28BAE1718F99C810095C089 /* GCDWebServer.m */,
				E28BAE1818F99C810095C089 /* GCDWebServerConnection.h */,
				E28BAE1918F99C810095C089 /* GCDWebServerConnection.m */,
				E28BAE1A18F99C810095C089 /* GCDWebServerFunctions.h */,
				E28BAE1B18F99C810095C089 /* GCDWebServerFunctions.m */,
				E28BAE1C18F99C810095C089 /* GCDWebServerHTTPStatusCodes.h */,
				E28BAE1D18F99C810095C089 /* GCDWebServerPrivate.h */,
				E28BAE1E18F99C810095C089 /* GCDWebServerRequest.h */,
				E28BAE1F18F99C810095C089 /* GCDWebServerRequest.m */,
				E28BAE2018F99C810095C089 /* GCDWebServerResponse.h */,
				E28BAE2118F99C810095C089 /* GCDWebServerResponse.m */,
			);
			path = Core;
			sourceTree = "<group>";
		};
		E28BAE2218F99C810095C089 /* Requests */ = {
			isa = PBXGroup;
			children = (
				E28BAE2318F99C810095C089 /* GCDWebServerDataRequest.h */,
				E28BAE2418F99C810095C089 /* GCDWebServerDataRequest.m */,
				E28BAE2518F99C810095C089 /* GCDWebServerFileRequest.h */,
				E28BAE2618F99C810095C089 /* GCDWebServerFileRequest.m */,
				E28BAE2718F99C810095C089 /* GCDWebServerMultiPartFormRequest.h */,
				E28BAE2818F99C810095C089 /* GCDWebServerMultiPartFormRequest.m */,
				E28BAE2918F99C810095C089 /* GCDWebServerURLEncodedFormRequest.h */,
				E28BAE2A18F99C810095C089 /* GCDWebServerURLEncodedFormRequest.m */,
			);
			path = Requests;
			sourceTree = "<group>";
		};
		E28BAE2B18F99C810095C089 /* Responses */ = {
			isa = PBXGroup;
			children = (
				E28BAE2C18F99C810095C089 /* GCDWebServerDataResponse.h */,
				E28BAE2D18F99C810095C089 /* GCDWebServerDataResponse.m */,
				E28BAE2E18F99C810095C089 /* GCDWebServerErrorResponse.h */,
				E28BAE2F18F99C810095C089 /* GCDWebServerErrorResponse.m */,
				E28BAE3018F99C810095C089 /* GCDWebServerFileResponse.h */,
				E28BAE3118F99C810095C089 /* GCDWebServerFileResponse.m */,
				E28BAE3218F99C810095C089 /* GCDWebServerStreamedResponse.h */,
				E28BAE3318F99C810095C089 /* GCDWebServerStreamedResponse.m */,
			);
			path = Responses;
			sourceTree = "<group>";
		};
		E2A0E80718F3432600C580B1 /* GCDWebDAVServer */ = {
			isa = PBXGroup;
			children = (
				E2A0E80818F3432600C580B1 /* GCDWebDAVServer.h */,
				E2A0E80918F3432600C580B1 /* GCDWebDAVServer.m */,
			);
			path = GCDWebDAVServer;
			sourceTree = "<group>";
		};
		E2BE850618E77ECA0061360B /* GCDWebUploader */ = {
			isa = PBXGroup;
			children = (
				E2BE850718E77ECA0061360B /* GCDWebUploader.bundle */,
				E2BE850818E77ECA0061360B /* GCDWebUploader.h */,
				E2BE850918E77ECA0061360B /* GCDWebUploader.m */,
			);
			path = GCDWebUploader;
			sourceTree = "<group>";
		};
/* End PBXGroup section */

/* Begin PBXHeadersBuildPhase section */
		401BF4161B410E0700D55458 /* Headers */ = {
			isa = PBXHeadersBuildPhase;
			buildActionMask = 2147483647;
			files = (
				401BF44C1B41114400D55458 /* GCDWebServer.h in Headers */,
				401BF44D1B41114400D55458 /* GCDWebServerConnection.h in Headers */,
				401BF44E1B41114400D55458 /* GCDWebServerFunctions.h in Headers */,
				401BF44F1B41114400D55458 /* GCDWebServerHTTPStatusCodes.h in Headers */,
				401BF4501B41114400D55458 /* GCDWebServerRequest.h in Headers */,
				401BF4511B41114400D55458 /* GCDWebServerResponse.h in Headers */,
				401BF4521B41114400D55458 /* GCDWebServerDataRequest.h in Headers */,
				401BF4531B41114400D55458 /* GCDWebServerFileRequest.h in Headers */,
				401BF4541B41114400D55458 /* GCDWebServerMultiPartFormRequest.h in Headers */,
				401BF4551B41114400D55458 /* GCDWebServerURLEncodedFormRequest.h in Headers */,
				401BF4561B41114400D55458 /* GCDWebServerDataResponse.h in Headers */,
				401BF4571B41114400D55458 /* GCDWebServerErrorResponse.h in Headers */,
				401BF4581B41114400D55458 /* GCDWebServerFileResponse.h in Headers */,
				401BF4591B41114400D55458 /* GCDWebServerStreamedResponse.h in Headers */,
				401BF45A1B41114400D55458 /* GCDWebDAVServer.h in Headers */,
				401BF45B1B41114400D55458 /* GCDWebUploader.h in Headers */,
				401BF45C1B41116100D55458 /* GCDWebServerPrivate.h in Headers */,
			);
			runOnlyForDeploymentPostprocessing = 0;
		};
/* End PBXHeadersBuildPhase section */

/* Begin PBXNativeTarget section */
		401BF4181B410E0700D55458 /* GCDWebServer.framework */ = {
			isa = PBXNativeTarget;
			buildConfigurationList = 401BF4301B410E0800D55458 /* Build configuration list for PBXNativeTarget "GCDWebServer.framework" */;
			buildPhases = (
				401BF4141B410E0700D55458 /* Sources */,
				401BF4151B410E0700D55458 /* Frameworks */,
				401BF4161B410E0700D55458 /* Headers */,
				401BF4171B410E0700D55458 /* Resources */,
			);
			buildRules = (
			);
			dependencies = (
			);
			name = GCDWebServer.framework;
			productName = GCDWebServer.framework;
			productReference = 401BF4191B410E0700D55458 /* GCDWebServer.framework */;
			productType = "com.apple.product-type.framework";
		};
		4094CE6D19030A8600A48845 /* GCDWebServerLib (iOS) */ = {
			isa = PBXNativeTarget;
			buildConfigurationList = 4094CE9219030A8600A48845 /* Build configuration list for PBXNativeTarget "GCDWebServerLib (iOS)" */;
			buildPhases = (
				4094CE6A19030A8600A48845 /* Sources */,
				4094CE6B19030A8600A48845 /* Frameworks */,
			);
			buildRules = (
			);
			dependencies = (
			);
			name = "GCDWebServerLib (iOS)";
			productName = GCDWebServerLib;
			productReference = 4094CE6E19030A8600A48845 /* libGCDWebServer.a */;
			productType = "com.apple.product-type.library.static";
		};
		8DD76FA90486AB0100D96B5E /* GCDWebServer (Mac) */ = {
			isa = PBXNativeTarget;
			buildConfigurationList = 1DEB928508733DD80010E9CD /* Build configuration list for PBXNativeTarget "GCDWebServer (Mac)" */;
			buildPhases = (
				E21F038418FB37D80043AD1E /* Delete GCDWebUploader.bundle */,
				E2BE850E18E788910061360B /* CopyFiles */,
				8DD76FAB0486AB0100D96B5E /* Sources */,
				8DD76FAD0486AB0100D96B5E /* Frameworks */,
			);
			buildRules = (
			);
			dependencies = (
			);
			name = "GCDWebServer (Mac)";
			productInstallPath = "$(HOME)/bin";
			productName = LittleCMS;
			productReference = 8DD76FB20486AB0100D96B5E /* GCDWebServer */;
			productType = "com.apple.product-type.tool";
		};
		E22112591690B4DE0048D2B2 /* GCDWebServer (iOS) */ = {
			isa = PBXNativeTarget;
			buildConfigurationList = E22112751690B4DF0048D2B2 /* Build configuration list for PBXNativeTarget "GCDWebServer (iOS)" */;
			buildPhases = (
				E2BE850418E77B730061360B /* Resources */,
				E22112561690B4DE0048D2B2 /* Sources */,
				E22112571690B4DE0048D2B2 /* Frameworks */,
			);
			buildRules = (
			);
			dependencies = (
			);
			name = "GCDWebServer (iOS)";
			productName = GCDWebServer;
			productReference = E221125A1690B4DE0048D2B2 /* GCDWebServer.app */;
			productType = "com.apple.product-type.application";
		};
/* End PBXNativeTarget section */

/* Begin PBXProject section */
		08FB7793FE84155DC02AAC07 /* Project object */ = {
			isa = PBXProject;
			attributes = {
				LastUpgradeCheck = 0700;
				TargetAttributes = {
					401BF4181B410E0700D55458 = {
						CreatedOnToolsVersion = 6.3.1;
					};
				};
			};
			buildConfigurationList = 1DEB928908733DD80010E9CD /* Build configuration list for PBXProject "GCDWebServer" */;
			compatibilityVersion = "Xcode 3.2";
			developmentRegion = English;
			hasScannedForEncodings = 1;
			knownRegions = (
				English,
				Japanese,
				French,
				German,
				en,
			);
			mainGroup = 08FB7794FE84155DC02AAC07 /* LittleCMS */;
			projectDirPath = "";
			projectRoot = "";
			targets = (
				E274F876187E77D8009E0582 /* Build All */,
				8DD76FA90486AB0100D96B5E /* GCDWebServer (Mac) */,
				E22112591690B4DE0048D2B2 /* GCDWebServer (iOS) */,
				4094CE6D19030A8600A48845 /* GCDWebServerLib (iOS) */,
				401BF4181B410E0700D55458 /* GCDWebServer.framework */,
			);
		};
/* End PBXProject section */

/* Begin PBXResourcesBuildPhase section */
		401BF4171B410E0700D55458 /* Resources */ = {
			isa = PBXResourcesBuildPhase;
			buildActionMask = 2147483647;
			files = (
			);
			runOnlyForDeploymentPostprocessing = 0;
		};
		E2BE850418E77B730061360B /* Resources */ = {
			isa = PBXResourcesBuildPhase;
			buildActionMask = 2147483647;
			files = (
				E2BE850A18E77ECA0061360B /* GCDWebUploader.bundle in Resources */,
			);
			runOnlyForDeploymentPostprocessing = 0;
		};
/* End PBXResourcesBuildPhase section */

/* Begin PBXShellScriptBuildPhase section */
		E21F038418FB37D80043AD1E /* Delete GCDWebUploader.bundle */ = {
			isa = PBXShellScriptBuildPhase;
			buildActionMask = 2147483647;
			files = (
			);
			inputPaths = (
			);
			name = "Delete GCDWebUploader.bundle";
			outputPaths = (
			);
			runOnlyForDeploymentPostprocessing = 0;
			shellPath = /bin/sh;
			shellScript = "if [ \"$CONFIGURATION\" == \"Debug\" ]; then\n  cd \"$BUILT_PRODUCTS_DIR\"\n  rm -rf \"GCDWebUploader.bundle\"\nfi\n";
		};
/* End PBXShellScriptBuildPhase section */

/* Begin PBXSourcesBuildPhase section */
		401BF4141B410E0700D55458 /* Sources */ = {
			isa = PBXSourcesBuildPhase;
			buildActionMask = 2147483647;
			files = (
				401BF4351B410E7E00D55458 /* GCDWebServerRequest.m in Sources */,
				401BF43A1B410E7E00D55458 /* GCDWebServerURLEncodedFormRequest.m in Sources */,
				401BF4331B410E7E00D55458 /* GCDWebServerConnection.m in Sources */,
				401BF4371B410E7E00D55458 /* GCDWebServerDataRequest.m in Sources */,
				401BF4391B410E7E00D55458 /* GCDWebServerMultiPartFormRequest.m in Sources */,
				401BF4381B410E7E00D55458 /* GCDWebServerFileRequest.m in Sources */,
				401BF4361B410E7E00D55458 /* GCDWebServerResponse.m in Sources */,
				401BF43D1B410E7E00D55458 /* GCDWebServerFileResponse.m in Sources */,
				401BF43E1B410E7E00D55458 /* GCDWebServerStreamedResponse.m in Sources */,
				401BF43B1B410E7E00D55458 /* GCDWebServerDataResponse.m in Sources */,
				401BF43F1B410E7E00D55458 /* GCDWebDAVServer.m in Sources */,
				401BF4321B410E7E00D55458 /* GCDWebServer.m in Sources */,
				401BF4341B410E7E00D55458 /* GCDWebServerFunctions.m in Sources */,
				401BF43C1B410E7E00D55458 /* GCDWebServerErrorResponse.m in Sources */,
				401BF4401B410E7E00D55458 /* GCDWebUploader.m in Sources */,
			);
			runOnlyForDeploymentPostprocessing = 0;
		};
		4094CE6A19030A8600A48845 /* Sources */ = {
			isa = PBXSourcesBuildPhase;
			buildActionMask = 2147483647;
			files = (
				4094CEA219030B0900A48845 /* GCDWebDAVServer.m in Sources */,
				4094CE9719030AF100A48845 /* GCDWebServerRequest.m in Sources */,
				4094CED61903157000A48845 /* GCDWebServerMultiPartFormRequest.m in Sources */,
				4094CE9519030AF100A48845 /* GCDWebServerConnection.m in Sources */,
				4094CE9E19030AFB00A48845 /* GCDWebServerErrorResponse.m in Sources */,
				4094CE9819030AF100A48845 /* GCDWebServerResponse.m in Sources */,
				4094CED41903155D00A48845 /* GCDWebServerDataRequest.m in Sources */,
				4094CED71903157300A48845 /* GCDWebServerURLEncodedFormRequest.m in Sources */,
				4094CE9D19030AFB00A48845 /* GCDWebServerDataResponse.m in Sources */,
				4094CE9419030AF100A48845 /* GCDWebServer.m in Sources */,
				4094CED51903156D00A48845 /* GCDWebServerFileRequest.m in Sources */,
				4094CE9619030AF100A48845 /* GCDWebServerFunctions.m in Sources */,
				4094CE9F19030AFB00A48845 /* GCDWebServerFileResponse.m in Sources */,
				4094CEA019030AFB00A48845 /* GCDWebServerStreamedResponse.m in Sources */,
				4094CED81903158500A48845 /* GCDWebUploader.m in Sources */,
			);
			runOnlyForDeploymentPostprocessing = 0;
		};
		8DD76FAB0486AB0100D96B5E /* Sources */ = {
			isa = PBXSourcesBuildPhase;
			buildActionMask = 2147483647;
			files = (
				E28BAE4618F99C810095C089 /* GCDWebServerDataResponse.m in Sources */,
				E28BAE3818F99C810095C089 /* GCDWebServerFunctions.m in Sources */,
				E28BAE4A18F99C810095C089 /* GCDWebServerFileResponse.m in Sources */,
				E28BAE4418F99C810095C089 /* GCDWebServerURLEncodedFormRequest.m in Sources */,
				E28BAE3A18F99C810095C089 /* GCDWebServerRequest.m in Sources */,
				E28BAE3418F99C810095C089 /* GCDWebServer.m in Sources */,
				E28BAE3618F99C810095C089 /* GCDWebServerConnection.m in Sources */,
				E28BAE3C18F99C810095C089 /* GCDWebServerResponse.m in Sources */,
				E28BAE4018F99C810095C089 /* GCDWebServerFileRequest.m in Sources */,
				E28BAE4C18F99C810095C089 /* GCDWebServerStreamedResponse.m in Sources */,
				E28BAE3E18F99C810095C089 /* GCDWebServerDataRequest.m in Sources */,
				E2A0E80A18F3432600C580B1 /* GCDWebDAVServer.m in Sources */,
				E28BAE4218F99C810095C089 /* GCDWebServerMultiPartFormRequest.m in Sources */,
				E2BE850C18E785940061360B /* GCDWebUploader.m in Sources */,
				E221128F1690B6470048D2B2 /* main.m in Sources */,
				E28BAE4818F99C810095C089 /* GCDWebServerErrorResponse.m in Sources */,
			);
			runOnlyForDeploymentPostprocessing = 0;
		};
		E22112561690B4DE0048D2B2 /* Sources */ = {
			isa = PBXSourcesBuildPhase;
			buildActionMask = 2147483647;
			files = (
				E2A0E80B18F3432600C580B1 /* GCDWebDAVServer.m in Sources */,
				E28BAE4918F99C810095C089 /* GCDWebServerErrorResponse.m in Sources */,
				E28BAE4518F99C810095C089 /* GCDWebServerURLEncodedFormRequest.m in Sources */,
				E28BAE4B18F99C810095C089 /* GCDWebServerFileResponse.m in Sources */,
				E28BAE3918F99C810095C089 /* GCDWebServerFunctions.m in Sources */,
				E28BAE4118F99C810095C089 /* GCDWebServerFileRequest.m in Sources */,
				E28BAE4D18F99C810095C089 /* GCDWebServerStreamedResponse.m in Sources */,
				E28BAE3F18F99C810095C089 /* GCDWebServerDataRequest.m in Sources */,
				E2BE850B18E77ECA0061360B /* GCDWebUploader.m in Sources */,
				E22112951690B64F0048D2B2 /* AppDelegate.m in Sources */,
				E28BAE4718F99C810095C089 /* GCDWebServerDataResponse.m in Sources */,
				E28BAE3D18F99C810095C089 /* GCDWebServerResponse.m in Sources */,
				E28BAE3518F99C810095C089 /* GCDWebServer.m in Sources */,
				E28BAE3718F99C810095C089 /* GCDWebServerConnection.m in Sources */,
				E28BAE3B18F99C810095C089 /* GCDWebServerRequest.m in Sources */,
				E22112971690B64F0048D2B2 /* main.m in Sources */,
				E28BAE4318F99C810095C089 /* GCDWebServerMultiPartFormRequest.m in Sources */,
			);
			runOnlyForDeploymentPostprocessing = 0;
		};
/* End PBXSourcesBuildPhase section */

/* Begin PBXTargetDependency section */
		E274F87B187E77E3009E0582 /* PBXTargetDependency */ = {
			isa = PBXTargetDependency;
			target = 8DD76FA90486AB0100D96B5E /* GCDWebServer (Mac) */;
			targetProxy = E274F87A187E77E3009E0582 /* PBXContainerItemProxy */;
		};
		E274F87D187E77E5009E0582 /* PBXTargetDependency */ = {
			isa = PBXTargetDependency;
			target = E22112591690B4DE0048D2B2 /* GCDWebServer (iOS) */;
			targetProxy = E274F87C187E77E5009E0582 /* PBXContainerItemProxy */;
		};
/* End PBXTargetDependency section */

/* Begin XCBuildConfiguration section */
		1DEB928608733DD80010E9CD /* Debug */ = {
			isa = XCBuildConfiguration;
			buildSettings = {
				MACOSX_DEPLOYMENT_TARGET = 10.7;
				PRODUCT_NAME = GCDWebServer;
				SDKROOT = macosx;
			};
			name = Debug;
		};
		1DEB928708733DD80010E9CD /* Release */ = {
			isa = XCBuildConfiguration;
			buildSettings = {
				MACOSX_DEPLOYMENT_TARGET = 10.7;
				PRODUCT_NAME = GCDWebServer;
				SDKROOT = macosx;
			};
			name = Release;
		};
		1DEB928A08733DD80010E9CD /* Debug */ = {
			isa = XCBuildConfiguration;
			buildSettings = {
				CLANG_ENABLE_OBJC_ARC = YES;
				ENABLE_STRICT_OBJC_MSGSEND = YES;
				ENABLE_TESTABILITY = YES;
				GCC_OPTIMIZATION_LEVEL = 0;
				GCC_PREPROCESSOR_DEFINITIONS = "DEBUG=1";
				GCC_PREPROCESSOR_DEFINITIONS_NOT_USED_IN_PRECOMPS = __GCDWEBSERVER_ENABLE_TESTING__;
				HEADER_SEARCH_PATHS = "$(SDKROOT)/usr/include/libxml2";
				ONLY_ACTIVE_ARCH = YES;
				WARNING_CFLAGS = (
					"-Wall",
					"-Weverything",
					"-Wshadow",
					"-Wshorten-64-to-32",
					"-Wno-vla",
					"-Wno-explicit-ownership-type",
					"-Wno-gnu-statement-expression",
					"-Wno-direct-ivar-access",
					"-Wno-implicit-retain-self",
					"-Wno-assign-enum",
					"-Wno-format-nonliteral",
					"-Wno-cast-align",
					"-Wno-padded",
					"-Wno-documentation",
					"-Wno-documentation-unknown-command",
					"-Wno-objc-missing-property-synthesis",
					"-Wno-cstring-format-directive",
				);
			};
			name = Debug;
		};
		1DEB928B08733DD80010E9CD /* Release */ = {
			isa = XCBuildConfiguration;
			buildSettings = {
				CLANG_ENABLE_OBJC_ARC = YES;
				ENABLE_STRICT_OBJC_MSGSEND = YES;
				GCC_PREPROCESSOR_DEFINITIONS_NOT_USED_IN_PRECOMPS = __GCDWEBSERVER_ENABLE_TESTING__;
				GCC_TREAT_WARNINGS_AS_ERRORS = YES;
				HEADER_SEARCH_PATHS = "$(SDKROOT)/usr/include/libxml2";
				WARNING_CFLAGS = "-Wall";
			};
			name = Release;
		};
		401BF42C1B410E0800D55458 /* Debug */ = {
			isa = XCBuildConfiguration;
			buildSettings = {
				ALWAYS_SEARCH_USER_PATHS = NO;
				CLANG_CXX_LANGUAGE_STANDARD = "gnu++0x";
				CLANG_CXX_LIBRARY = "libc++";
				CLANG_ENABLE_MODULES = NO;
				CLANG_WARN_BOOL_CONVERSION = YES;
				CLANG_WARN_CONSTANT_CONVERSION = YES;
				CLANG_WARN_DIRECT_OBJC_ISA_USAGE = YES_ERROR;
				CLANG_WARN_EMPTY_BODY = YES;
				CLANG_WARN_ENUM_CONVERSION = YES;
				CLANG_WARN_INT_CONVERSION = YES;
				CLANG_WARN_OBJC_ROOT_CLASS = YES_ERROR;
				CLANG_WARN_UNREACHABLE_CODE = YES;
				CLANG_WARN__DUPLICATE_METHOD_MATCH = YES;
				COMBINE_HIDPI_IMAGES = YES;
				COPY_PHASE_STRIP = NO;
				CURRENT_PROJECT_VERSION = 1;
				DEBUG_INFORMATION_FORMAT = dwarf;
				DYLIB_COMPATIBILITY_VERSION = 1;
				DYLIB_CURRENT_VERSION = 1;
				DYLIB_INSTALL_NAME_BASE = "@rpath";
				FRAMEWORK_VERSION = A;
				GCC_C_LANGUAGE_STANDARD = gnu99;
				GCC_DYNAMIC_NO_PIC = NO;
				GCC_NO_COMMON_BLOCKS = YES;
				GCC_PREPROCESSOR_DEFINITIONS = (
					"DEBUG=1",
					"$(inherited)",
				);
				GCC_SYMBOLS_PRIVATE_EXTERN = NO;
				GCC_WARN_64_TO_32_BIT_CONVERSION = YES;
				GCC_WARN_ABOUT_RETURN_TYPE = YES_ERROR;
				GCC_WARN_UNDECLARED_SELECTOR = YES;
				GCC_WARN_UNINITIALIZED_AUTOS = YES_AGGRESSIVE;
				GCC_WARN_UNUSED_FUNCTION = YES;
				GCC_WARN_UNUSED_VARIABLE = YES;
				INFOPLIST_FILE = "$(SRCROOT)/Mac/Info.plist";
				INSTALL_PATH = "$(LOCAL_LIBRARY_DIR)/Frameworks";
				LD_RUNPATH_SEARCH_PATHS = "$(inherited) @executable_path/../Frameworks @loader_path/Frameworks";
				MACOSX_DEPLOYMENT_TARGET = 10.10;
				MTL_ENABLE_DEBUG_INFO = YES;
				PRODUCT_BUNDLE_IDENTIFIER = "net.pol-online.$(PRODUCT_NAME:rfc1034identifier)";
				PRODUCT_NAME = GCDWebServer;
				SDKROOT = macosx;
				SKIP_INSTALL = YES;
				VERSION_INFO_PREFIX = "";
			};
			name = Debug;
		};
		401BF42D1B410E0800D55458 /* Release */ = {
			isa = XCBuildConfiguration;
			buildSettings = {
				ALWAYS_SEARCH_USER_PATHS = NO;
				CLANG_CXX_LANGUAGE_STANDARD = "gnu++0x";
				CLANG_CXX_LIBRARY = "libc++";
				CLANG_ENABLE_MODULES = NO;
				CLANG_WARN_BOOL_CONVERSION = YES;
				CLANG_WARN_CONSTANT_CONVERSION = YES;
				CLANG_WARN_DIRECT_OBJC_ISA_USAGE = YES_ERROR;
				CLANG_WARN_EMPTY_BODY = YES;
				CLANG_WARN_ENUM_CONVERSION = YES;
				CLANG_WARN_INT_CONVERSION = YES;
				CLANG_WARN_OBJC_ROOT_CLASS = YES_ERROR;
				CLANG_WARN_UNREACHABLE_CODE = YES;
				CLANG_WARN__DUPLICATE_METHOD_MATCH = YES;
				COMBINE_HIDPI_IMAGES = YES;
				COPY_PHASE_STRIP = NO;
				CURRENT_PROJECT_VERSION = 1;
				DEBUG_INFORMATION_FORMAT = "dwarf-with-dsym";
				DYLIB_COMPATIBILITY_VERSION = 1;
				DYLIB_CURRENT_VERSION = 1;
				DYLIB_INSTALL_NAME_BASE = "@rpath";
				ENABLE_NS_ASSERTIONS = NO;
				FRAMEWORK_VERSION = A;
				GCC_C_LANGUAGE_STANDARD = gnu99;
				GCC_NO_COMMON_BLOCKS = YES;
				GCC_WARN_64_TO_32_BIT_CONVERSION = YES;
				GCC_WARN_ABOUT_RETURN_TYPE = YES_ERROR;
				GCC_WARN_UNDECLARED_SELECTOR = YES;
				GCC_WARN_UNINITIALIZED_AUTOS = YES_AGGRESSIVE;
				GCC_WARN_UNUSED_FUNCTION = YES;
				GCC_WARN_UNUSED_VARIABLE = YES;
				INFOPLIST_FILE = "$(SRCROOT)/Mac/Info.plist";
				INSTALL_PATH = "$(LOCAL_LIBRARY_DIR)/Frameworks";
				LD_RUNPATH_SEARCH_PATHS = "$(inherited) @executable_path/../Frameworks @loader_path/Frameworks";
				MACOSX_DEPLOYMENT_TARGET = 10.10;
				MTL_ENABLE_DEBUG_INFO = NO;
				PRODUCT_BUNDLE_IDENTIFIER = "net.pol-online.$(PRODUCT_NAME:rfc1034identifier)";
				PRODUCT_NAME = GCDWebServer;
				SDKROOT = macosx;
				SKIP_INSTALL = YES;
				VERSION_INFO_PREFIX = "";
			};
			name = Release;
		};
		4094CE8E19030A8600A48845 /* Debug */ = {
			isa = XCBuildConfiguration;
			buildSettings = {
				COPY_PHASE_STRIP = NO;
				DSTROOT = /tmp/GCDWebServerLib.dst;
				INFOPLIST_FILE = iOS/Info.plist;
				IPHONEOS_DEPLOYMENT_TARGET = 6.0;
				OTHER_LDFLAGS = "-ObjC";
				PRODUCT_BUNDLE_IDENTIFIER = "net.pol-online.${PRODUCT_NAME:rfc1034identifier}";
				PRODUCT_NAME = GCDWebServer;
				SDKROOT = iphoneos;
				SKIP_INSTALL = YES;
				TARGETED_DEVICE_FAMILY = "1,2";
			};
			name = Debug;
		};
		4094CE8F19030A8600A48845 /* Release */ = {
			isa = XCBuildConfiguration;
			buildSettings = {
				COPY_PHASE_STRIP = YES;
				DSTROOT = /tmp/GCDWebServerLib.dst;
				INFOPLIST_FILE = iOS/Info.plist;
				IPHONEOS_DEPLOYMENT_TARGET = 6.0;
				OTHER_LDFLAGS = "-ObjC";
				PRODUCT_BUNDLE_IDENTIFIER = "net.pol-online.${PRODUCT_NAME:rfc1034identifier}";
				PRODUCT_NAME = GCDWebServer;
				SDKROOT = iphoneos;
				SKIP_INSTALL = YES;
				TARGETED_DEVICE_FAMILY = "1,2";
				VALIDATE_PRODUCT = YES;
			};
			name = Release;
		};
		E22112761690B4DF0048D2B2 /* Debug */ = {
			isa = XCBuildConfiguration;
			buildSettings = {
				CODE_SIGN_IDENTITY = "iPhone Developer";
				INFOPLIST_FILE = iOS/Info.plist;
				IPHONEOS_DEPLOYMENT_TARGET = 5.0;
				PRODUCT_BUNDLE_IDENTIFIER = "net.pol-online.${PRODUCT_NAME:rfc1034identifier}";
				PRODUCT_NAME = GCDWebServer;
				PROVISIONING_PROFILE = "";
				SDKROOT = iphoneos;
				TARGETED_DEVICE_FAMILY = "1,2";
			};
			name = Debug;
		};
		E22112771690B4DF0048D2B2 /* Release */ = {
			isa = XCBuildConfiguration;
			buildSettings = {
				CODE_SIGN_IDENTITY = "iPhone Developer";
				INFOPLIST_FILE = iOS/Info.plist;
				IPHONEOS_DEPLOYMENT_TARGET = 5.0;
				PRODUCT_BUNDLE_IDENTIFIER = "net.pol-online.${PRODUCT_NAME:rfc1034identifier}";
				PRODUCT_NAME = GCDWebServer;
				PROVISIONING_PROFILE = "";
				SDKROOT = iphoneos;
				TARGETED_DEVICE_FAMILY = "1,2";
			};
			name = Release;
		};
		E274F877187E77D8009E0582 /* Debug */ = {
			isa = XCBuildConfiguration;
			buildSettings = {
				PRODUCT_NAME = "$(TARGET_NAME)";
			};
			name = Debug;
		};
		E274F878187E77D8009E0582 /* Release */ = {
			isa = XCBuildConfiguration;
			buildSettings = {
				PRODUCT_NAME = "$(TARGET_NAME)";
			};
			name = Release;
		};
/* End XCBuildConfiguration section */

/* Begin XCConfigurationList section */
		1DEB928508733DD80010E9CD /* Build configuration list for PBXNativeTarget "GCDWebServer (Mac)" */ = {
			isa = XCConfigurationList;
			buildConfigurations = (
				1DEB928608733DD80010E9CD /* Debug */,
				1DEB928708733DD80010E9CD /* Release */,
			);
			defaultConfigurationIsVisible = 0;
			defaultConfigurationName = Release;
		};
		1DEB928908733DD80010E9CD /* Build configuration list for PBXProject "GCDWebServer" */ = {
			isa = XCConfigurationList;
			buildConfigurations = (
				1DEB928A08733DD80010E9CD /* Debug */,
				1DEB928B08733DD80010E9CD /* Release */,
			);
			defaultConfigurationIsVisible = 0;
			defaultConfigurationName = Release;
		};
		401BF4301B410E0800D55458 /* Build configuration list for PBXNativeTarget "GCDWebServer.framework" */ = {
			isa = XCConfigurationList;
			buildConfigurations = (
				401BF42C1B410E0800D55458 /* Debug */,
				401BF42D1B410E0800D55458 /* Release */,
			);
			defaultConfigurationIsVisible = 0;
			defaultConfigurationName = Release;
		};
		4094CE9219030A8600A48845 /* Build configuration list for PBXNativeTarget "GCDWebServerLib (iOS)" */ = {
			isa = XCConfigurationList;
			buildConfigurations = (
				4094CE8E19030A8600A48845 /* Debug */,
				4094CE8F19030A8600A48845 /* Release */,
			);
			defaultConfigurationIsVisible = 0;
			defaultConfigurationName = Release;
		};
		E22112751690B4DF0048D2B2 /* Build configuration list for PBXNativeTarget "GCDWebServer (iOS)" */ = {
			isa = XCConfigurationList;
			buildConfigurations = (
				E22112761690B4DF0048D2B2 /* Debug */,
				E22112771690B4DF0048D2B2 /* Release */,
			);
			defaultConfigurationIsVisible = 0;
			defaultConfigurationName = Release;
		};
		E274F879187E77D8009E0582 /* Build configuration list for PBXAggregateTarget "Build All" */ = {
			isa = XCConfigurationList;
			buildConfigurations = (
				E274F877187E77D8009E0582 /* Debug */,
				E274F878187E77D8009E0582 /* Release */,
			);
			defaultConfigurationIsVisible = 0;
			defaultConfigurationName = Release;
		};
/* End XCConfigurationList section */
	};
	rootObject = 08FB7793FE84155DC02AAC07 /* Project object */;
}
